
Microsoft Visual Studio Solution File, Format Version 12.00
# Visual Studio 2015
Project("{FAE04EC0-301F-11D3-BF4B-00C04F79EFBC}") = "VR Coursework", "VR Coursework.csproj", "{71CF58A1-EA88-8B5E-45C4-BD666041AF62}"
EndProject
Project("{FAE04EC0-301F-11D3-BF4B-00C04F79EFBC}") = "VR Coursework.Editor", "VR Coursework.Editor.csproj", "{DDE75018-8C56-8DBF-2497-37FA58E2DBDC}"
EndProject
Global
	GlobalSection(SolutionConfigurationPlatforms) = preSolution
		Debug|Any CPU = Debug|Any CPU
		Release|Any CPU = Release|Any CPU
	EndGlobalSection
	GlobalSection(ProjectConfigurationPlatforms) = postSolution
		{71CF58A1-EA88-8B5E-45C4-BD666041AF62}.Debug|Any CPU.ActiveCfg = Debug|Any CPU
		{71CF58A1-EA88-8B5E-45C4-BD666041AF62}.Debug|Any CPU.Build.0 = Debug|Any CPU
		{71CF58A1-EA88-8B5E-45C4-BD666041AF62}.Release|Any CPU.ActiveCfg = Release|Any CPU
		{71CF58A1-EA88-8B5E-45C4-BD666041AF62}.Release|Any CPU.Build.0 = Release|Any CPU
		{DDE75018-8C56-8DBF-2497-37FA58E2DBDC}.Debug|Any CPU.ActiveCfg = Debug|Any CPU
		{DDE75018-8C56-8DBF-2497-37FA58E2DBDC}.Debug|Any CPU.Build.0 = Debug|Any CPU
		{DDE75018-8C56-8DBF-2497-37FA58E2DBDC}.Release|Any CPU.ActiveCfg = Release|Any CPU
		{DDE75018-8C56-8DBF-2497-37FA58E2DBDC}.Release|Any CPU.Build.0 = Release|Any CPU
	EndGlobalSection
	GlobalSection(SolutionProperties) = preSolution
		HideSolutionNode = FALSE
	EndGlobalSection
EndGlobal
